{
  "version": 4,
  "terraform_version": "1.2.4",
  "serial": 97,
  "lineage": "a87216f3-ca34-290a-be48-b980917deacb",
  "outputs": {},
  "resources": [
    {
      "mode": "data",
      "type": "archive_file",
      "name": "enqueueChild",
      "provider": "provider[\"registry.terraform.io/hashicorp/archive\"]",
      "instances": [
        {
          "schema_version": 0,
          "attributes": {
            "excludes": null,
            "id": "386a91aa6fc9f839df68904eca3bef22e02e135e",
            "output_base64sha256": "R9D0j7JZzY8Qq9AcrEJTg7s4QX4SkeBPD0bEiQ1TxTc=",
            "output_file_mode": null,
            "output_md5": "2276284df2cc90fd08ec32e5c14e2f6a",
            "output_path": "./files/enqueueChild.zip",
            "output_sha": "386a91aa6fc9f839df68904eca3bef22e02e135e",
            "output_size": 1087,
            "source": [
              {
                "content": "const express = require('express');\nconst { CloudTasksClient } = require('@google-cloud/tasks');\nconst display_child_age_url = \"https://northamerica-northeast1-ringed-enigma-334420.cloudfunctions.net/viewChild\"\nconst queue_name = \"childAge-01\"\nconst service_account_email = \"ringed-enigma-334420@appspot.gserviceaccount.com\"\n\nasync function postToQueue(queue_client, queue_parent, child_data_dict) {\n  const task = {\n    httpRequest: {\n      httpMethod: 'POST',\n      url: display_child_age_url,\n      headers: {\n        'content-type': 'application/json',\n      },\n      body: Buffer.from(JSON.stringify(child_data_dict)).toString('base64'),\n      oidcToken: {\n        serviceAccountEmail: service_account_email,\n      },\n    }\n  };\n  const [response] = await queue_client.createTask({parent:queue_parent, task:task});\n  console.log(`Created task ${response.name}`);\n}\n\nasync function processQueue(child_list) {\n  const queue_client = new CloudTasksClient();\n  const location = \"northamerica-northeast1\"\n  const gcp_project = \"ringed-enigma-334420\"\n  const queue_parent = queue_client.queuePath(gcp_project, location, queue_name);\n  for (const child_data_dict of child_list) {\n    try {\n    await postToQueue(queue_client, queue_parent, child_data_dict);\n    } catch (error) {\n    console.error('Error:', new Error(error.message));\n    }\n  }\n}\n\nasync function enqueueChilds(req, res) {\n  const payload = req.body;\n  await processQueue(payload[\"child_data\"]);\n  const text = \"Childs enqueued\"\n  console.log(text);\n  console.log(payload[\"child_data\"]);\n  res.status(200).send(text);\n  res.end();\n}\n\nfunction enqueueChildsApp() {\n  const app = express();\n  app.use(require('body-parser').json());\n  app.use(enqueueChilds);\n  return app;\n}\n\nexports.mainFunction = enqueueChildsApp();\n",
                "filename": "index.js"
              },
              {
                "content": "{\n  \"dependencies\": {\n    \"@google-cloud/tasks\": \"^3.0.0\",\n    \"express\": \"^4.18.1\"\n  }\n}\n",
                "filename": "package.json"
              }
            ],
            "source_content": null,
            "source_content_filename": null,
            "source_dir": null,
            "source_file": null,
            "type": "zip"
          },
          "sensitive_attributes": []
        }
      ]
    },
    {
      "mode": "data",
      "type": "archive_file",
      "name": "viewChild",
      "provider": "provider[\"registry.terraform.io/hashicorp/archive\"]",
      "instances": [
        {
          "schema_version": 0,
          "attributes": {
            "excludes": null,
            "id": "e6863831515fad5c2ead9ae3dc3ad40a0bb291fa",
            "output_base64sha256": "Md/G0X2bQWoSvNWYUtXiqLP6I06jk/ZObi3Cs6a7XmU=",
            "output_file_mode": null,
            "output_md5": "cd35c2b9cf8a795f5d85078a67b1a9d6",
            "output_path": "./files/viewChild.zip",
            "output_sha": "e6863831515fad5c2ead9ae3dc3ad40a0bb291fa",
            "output_size": 579,
            "source": [
              {
                "content": "const express = require('express');\n\nasync function viewChildAge(req, res) {\n  const child_data_dict = req.body;\n  const text = `Child id ${child_data_dict[\"id\"][0]} is ${child_data_dict[\"age_months\"][0]} months old`\n  console.log(text);\n  res.status(200).send(text);\n  res.end();\n}\n\nfunction viewChildAgeApp() {\n  const app = express();\n  app.use(require('body-parser').json());\n  app.use(viewChildAge);\n  return app;\n}\n\nexports.mainFunction = viewChildAgeApp();\n",
                "filename": "index.js"
              },
              {
                "content": "{\n  \"dependencies\": {\n    \"@google-cloud/tasks\": \"^3.0.0\",\n    \"express\": \"^4.18.1\"\n  }\n}\n",
                "filename": "package.json"
              }
            ],
            "source_content": null,
            "source_content_filename": null,
            "source_dir": null,
            "source_file": null,
            "type": "zip"
          },
          "sensitive_attributes": []
        }
      ]
    },
    {
      "mode": "managed",
      "type": "google_cloud_tasks_queue",
      "name": "childAge-01",
      "provider": "provider[\"registry.terraform.io/hashicorp/google\"]",
      "instances": [
        {
          "schema_version": 0,
          "attributes": {
            "app_engine_routing_override": [],
            "id": "projects/ringed-enigma-334420/locations/northamerica-northeast1/queues/childAge-01",
            "location": "northamerica-northeast1",
            "name": "childAge-01",
            "project": "ringed-enigma-334420",
            "rate_limits": [
              {
                "max_burst_size": 100,
                "max_concurrent_dispatches": 100,
                "max_dispatches_per_second": 500
              }
            ],
            "retry_config": [
              {
                "max_attempts": 3,
                "max_backoff": "3600s",
                "max_doublings": 16,
                "max_retry_duration": "",
                "min_backoff": "5s"
              }
            ],
            "timeouts": null
          },
          "sensitive_attributes": [],
          "private": "eyJlMmJmYjczMC1lY2FhLTExZTYtOGY4OC0zNDM2M2JjN2M0YzAiOnsiY3JlYXRlIjoyNDAwMDAwMDAwMDAsImRlbGV0ZSI6MjQwMDAwMDAwMDAwLCJ1cGRhdGUiOjI0MDAwMDAwMDAwMH19"
        }
      ]
    },
    {
      "mode": "managed",
      "type": "google_cloudfunctions_function",
      "name": "enqueue-function",
      "provider": "provider[\"registry.terraform.io/hashicorp/google\"]",
      "instances": [
        {
          "schema_version": 0,
          "attributes": {
            "available_memory_mb": 128,
            "description": "Enqueue Child",
            "entry_point": "mainFunction",
            "environment_variables": {},
            "event_trigger": [],
            "https_trigger_url": "https://northamerica-northeast1-ringed-enigma-334420.cloudfunctions.net/enqueueChild",
            "id": "projects/ringed-enigma-334420/locations/northamerica-northeast1/functions/enqueueChild",
            "labels": {},
            "max_instances": 0,
            "name": "enqueueChild",
            "project": "ringed-enigma-334420",
            "region": "northamerica-northeast1",
            "runtime": "nodejs16",
            "service_account_email": "ringed-enigma-334420@appspot.gserviceaccount.com",
            "source_archive_bucket": "enqueuer-and-view-child",
            "source_archive_object": "enqueueChild.zip",
            "source_repository": [],
            "timeout": 60,
            "timeouts": null,
            "trigger_http": true,
            "vpc_connector": ""
          },
          "sensitive_attributes": [],
          "private": "eyJlMmJmYjczMC1lY2FhLTExZTYtOGY4OC0zNDM2M2JjN2M0YzAiOnsiY3JlYXRlIjozMDAwMDAwMDAwMDAsImRlbGV0ZSI6MzAwMDAwMDAwMDAwLCJyZWFkIjozMDAwMDAwMDAwMDAsInVwZGF0ZSI6MzAwMDAwMDAwMDAwfX0=",
          "dependencies": [
            "data.archive_file.enqueueChild",
            "google_storage_bucket.bucket",
            "google_storage_bucket_object.enqueue-archive"
          ]
        }
      ]
    },
    {
      "mode": "managed",
      "type": "google_cloudfunctions_function",
      "name": "view-function",
      "provider": "provider[\"registry.terraform.io/hashicorp/google\"]",
      "instances": [
        {
          "schema_version": 0,
          "attributes": {
            "available_memory_mb": 128,
            "description": "View Child",
            "entry_point": "mainFunction",
            "environment_variables": {},
            "event_trigger": [],
            "https_trigger_url": "https://northamerica-northeast1-ringed-enigma-334420.cloudfunctions.net/viewChild",
            "id": "projects/ringed-enigma-334420/locations/northamerica-northeast1/functions/viewChild",
            "labels": {},
            "max_instances": 0,
            "name": "viewChild",
            "project": "ringed-enigma-334420",
            "region": "northamerica-northeast1",
            "runtime": "nodejs16",
            "service_account_email": "ringed-enigma-334420@appspot.gserviceaccount.com",
            "source_archive_bucket": "enqueuer-and-view-child",
            "source_archive_object": "viewChild.zip",
            "source_repository": [],
            "timeout": 60,
            "timeouts": null,
            "trigger_http": true,
            "vpc_connector": ""
          },
          "sensitive_attributes": [],
          "private": "eyJlMmJmYjczMC1lY2FhLTExZTYtOGY4OC0zNDM2M2JjN2M0YzAiOnsiY3JlYXRlIjozMDAwMDAwMDAwMDAsImRlbGV0ZSI6MzAwMDAwMDAwMDAwLCJyZWFkIjozMDAwMDAwMDAwMDAsInVwZGF0ZSI6MzAwMDAwMDAwMDAwfX0=",
          "dependencies": [
            "data.archive_file.viewChild",
            "google_storage_bucket.bucket",
            "google_storage_bucket_object.view-archive"
          ]
        }
      ]
    },
    {
      "mode": "managed",
      "type": "google_cloudfunctions_function_iam_member",
      "name": "enqueue-invoker",
      "provider": "provider[\"registry.terraform.io/hashicorp/google\"]",
      "instances": [
        {
          "schema_version": 0,
          "attributes": {
            "cloud_function": "projects/ringed-enigma-334420/locations/northamerica-northeast1/functions/enqueueChild",
            "etag": "BwXjK4VYO9U=",
            "id": "projects/ringed-enigma-334420/locations/northamerica-northeast1/functions/enqueueChild/roles/cloudfunctions.invoker/allusers",
            "member": "allUsers",
            "project": "ringed-enigma-334420",
            "region": "northamerica-northeast1",
            "role": "roles/cloudfunctions.invoker"
          },
          "sensitive_attributes": [],
          "private": "bnVsbA==",
          "dependencies": [
            "data.archive_file.enqueueChild",
            "google_cloudfunctions_function.enqueue-function",
            "google_storage_bucket.bucket",
            "google_storage_bucket_object.enqueue-archive"
          ]
        }
      ]
    },
    {
      "mode": "managed",
      "type": "google_cloudfunctions_function_iam_member",
      "name": "view-invoker",
      "provider": "provider[\"registry.terraform.io/hashicorp/google\"]",
      "instances": [
        {
          "schema_version": 0,
          "attributes": {
            "cloud_function": "projects/ringed-enigma-334420/locations/northamerica-northeast1/functions/viewChild",
            "etag": "BwXjKpNUEvs=",
            "id": "projects/ringed-enigma-334420/locations/northamerica-northeast1/functions/viewChild/roles/cloudfunctions.invoker/allusers",
            "member": "allUsers",
            "project": "ringed-enigma-334420",
            "region": "northamerica-northeast1",
            "role": "roles/cloudfunctions.invoker"
          },
          "sensitive_attributes": [],
          "private": "bnVsbA==",
          "dependencies": [
            "data.archive_file.viewChild",
            "google_cloudfunctions_function.view-function",
            "google_storage_bucket.bucket",
            "google_storage_bucket_object.view-archive"
          ]
        }
      ]
    },
    {
      "mode": "managed",
      "type": "google_storage_bucket",
      "name": "bucket",
      "provider": "provider[\"registry.terraform.io/hashicorp/google\"]",
      "instances": [
        {
          "schema_version": 0,
          "attributes": {
            "bucket_policy_only": false,
            "cors": [],
            "encryption": [],
            "force_destroy": false,
            "id": "enqueuer-and-view-child",
            "labels": {},
            "lifecycle_rule": [],
            "location": "NORTHAMERICA-NORTHEAST1",
            "logging": [],
            "name": "enqueuer-and-view-child",
            "project": "ringed-enigma-334420",
            "requester_pays": false,
            "retention_policy": [],
            "self_link": "https://www.googleapis.com/storage/v1/b/enqueuer-and-view-child",
            "storage_class": "STANDARD",
            "url": "gs://enqueuer-and-view-child",
            "versioning": [],
            "website": []
          },
          "sensitive_attributes": [],
          "private": "bnVsbA=="
        }
      ]
    },
    {
      "mode": "managed",
      "type": "google_storage_bucket_object",
      "name": "enqueue-archive",
      "provider": "provider[\"registry.terraform.io/hashicorp/google\"]",
      "instances": [
        {
          "schema_version": 0,
          "attributes": {
            "bucket": "enqueuer-and-view-child",
            "cache_control": "",
            "content": null,
            "content_disposition": "",
            "content_encoding": "",
            "content_language": "",
            "content_type": "application/zip",
            "crc32c": "FREkFA==",
            "detect_md5hash": "InYoTfLMkP0I7DLlwU4vag==",
            "id": "enqueuer-and-view-child-enqueueChild.zip",
            "md5hash": "InYoTfLMkP0I7DLlwU4vag==",
            "name": "enqueueChild.zip",
            "output_name": "enqueueChild.zip",
            "self_link": "https://www.googleapis.com/storage/v1/b/enqueuer-and-view-child/o/enqueueChild.zip",
            "source": "./files/enqueueChild.zip",
            "storage_class": "STANDARD"
          },
          "sensitive_attributes": [],
          "private": "bnVsbA==",
          "dependencies": [
            "data.archive_file.enqueueChild",
            "google_storage_bucket.bucket"
          ]
        }
      ]
    },
    {
      "mode": "managed",
      "type": "google_storage_bucket_object",
      "name": "view-archive",
      "provider": "provider[\"registry.terraform.io/hashicorp/google\"]",
      "instances": [
        {
          "schema_version": 0,
          "attributes": {
            "bucket": "enqueuer-and-view-child",
            "cache_control": "",
            "content": null,
            "content_disposition": "",
            "content_encoding": "",
            "content_language": "",
            "content_type": "application/zip",
            "crc32c": "VxB8dg==",
            "detect_md5hash": "zTXCuc+KeV9dhQeKZ7Gp1g==",
            "id": "enqueuer-and-view-child-viewChild.zip",
            "md5hash": "zTXCuc+KeV9dhQeKZ7Gp1g==",
            "name": "viewChild.zip",
            "output_name": "viewChild.zip",
            "self_link": "https://www.googleapis.com/storage/v1/b/enqueuer-and-view-child/o/viewChild.zip",
            "source": "./files/viewChild.zip",
            "storage_class": "STANDARD"
          },
          "sensitive_attributes": [],
          "private": "bnVsbA==",
          "dependencies": [
            "data.archive_file.viewChild",
            "google_storage_bucket.bucket"
          ]
        }
      ]
    }
  ]
}
